
Microsoft Visual Studio Solution File, Format Version 12.00
# Visual Studio Version 17
VisualStudioVersion = 17.5.33627.172
MinimumVisualStudioVersion = 10.0.40219.1
Project("{FAE04EC0-301F-11D3-BF4B-00C04F79EFBC}") = "PropertyRentalManagementSystem", "PropertyRentalManagementSystem\PropertyRentalManagementSystem.csproj", "{12D757A9-9240-4114-815B-CD4BD3AA4105}"
EndProject
Global
	GlobalSection(SolutionConfigurationPlatforms) = preSolution
		Debug|Any CPU = Debug|Any CPU
		Release|Any CPU = Release|Any CPU
	EndGlobalSection
	GlobalSection(ProjectConfigurationPlatforms) = postSolution
		{12D757A9-9240-4114-815B-CD4BD3AA4105}.Debug|Any CPU.ActiveCfg = Debug|Any CPU
		{12D757A9-9240-4114-815B-CD4BD3AA4105}.Debug|Any CPU.Build.0 = Debug|Any CPU
		{12D757A9-9240-4114-815B-CD4BD3AA4105}.Release|Any CPU.ActiveCfg = Release|Any CPU
		{12D757A9-9240-4114-815B-CD4BD3AA4105}.Release|Any CPU.Build.0 = Release|Any CPU
	EndGlobalSection
	GlobalSection(SolutionProperties) = preSolution
		HideSolutionNode = FALSE
	EndGlobalSection
	GlobalSection(ExtensibilityGlobals) = postSolution
		SolutionGuid = {F0F25AF8-AB6B-46A7-9A83-D04D4D762BD9}
	EndGlobalSection
EndGlobal
